
Microsoft Visual Studio Solution File, Format Version 10.00
# Visual Studio 2008
Project("{FAE04EC0-301F-11D3-BF4B-00C04F79EFBC}") = "MetaObjectApp", "MetaObjectApp\MetaObjectApp.csproj", "{7D0A9D8A-C5EC-4143-9C9F-BE2E45C1FDB2}"
EndProject
Project("{FAE04EC0-301F-11D3-BF4B-00C04F79EFBC}") = "ETLManager", "ETLManager\ETLManager.csproj", "{1E284A29-D11F-4B79-B792-EF260B575A88}"
EndProject
Project("{FAE04EC0-301F-11D3-BF4B-00C04F79EFBC}") = "App", "App\App.csproj", "{36916202-8106-440B-B834-EC3499B5AD67}"
EndProject
Global
	GlobalSection(SolutionConfigurationPlatforms) = preSolution
		Debug|Any CPU = Debug|Any CPU
		Release|Any CPU = Release|Any CPU
	EndGlobalSection
	GlobalSection(ProjectConfigurationPlatforms) = postSolution
		{7D0A9D8A-C5EC-4143-9C9F-BE2E45C1FDB2}.Debug|Any CPU.ActiveCfg = Debug|Any CPU
		{7D0A9D8A-C5EC-4143-9C9F-BE2E45C1FDB2}.Debug|Any CPU.Build.0 = Debug|Any CPU
		{7D0A9D8A-C5EC-4143-9C9F-BE2E45C1FDB2}.Release|Any CPU.ActiveCfg = Release|Any CPU
		{7D0A9D8A-C5EC-4143-9C9F-BE2E45C1FDB2}.Release|Any CPU.Build.0 = Release|Any CPU
		{1E284A29-D11F-4B79-B792-EF260B575A88}.Debug|Any CPU.ActiveCfg = Debug|Any CPU
		{1E284A29-D11F-4B79-B792-EF260B575A88}.Debug|Any CPU.Build.0 = Debug|Any CPU
		{1E284A29-D11F-4B79-B792-EF260B575A88}.Release|Any CPU.ActiveCfg = Release|Any CPU
		{1E284A29-D11F-4B79-B792-EF260B575A88}.Release|Any CPU.Build.0 = Release|Any CPU
		{36916202-8106-440B-B834-EC3499B5AD67}.Debug|Any CPU.ActiveCfg = Debug|Any CPU
		{36916202-8106-440B-B834-EC3499B5AD67}.Debug|Any CPU.Build.0 = Debug|Any CPU
		{36916202-8106-440B-B834-EC3499B5AD67}.Release|Any CPU.ActiveCfg = Release|Any CPU
		{36916202-8106-440B-B834-EC3499B5AD67}.Release|Any CPU.Build.0 = Release|Any CPU
	EndGlobalSection
	GlobalSection(SolutionProperties) = preSolution
		HideSolutionNode = FALSE
	EndGlobalSection
EndGlobal
