
Microsoft Visual Studio Solution File, Format Version 10.00
# Visual Studio 2008
Project("{FAE04EC0-301F-11D3-BF4B-00C04F79EFBC}") = "MetaObjectApp", "MetaObjectApp\MetaObjectApp.csproj", "{7D0A9D8A-C5EC-4143-9C9F-BE2E45C1FDB2}"
EndProject
Project("{FAE04EC0-301F-11D3-BF4B-00C04F79EFBC}") = "ETLManager", "ETLManager\ETLManager.csproj", "{1E284A29-D11F-4B79-B792-EF260B575A88}"
EndProject
Project("{FAE04EC0-301F-11D3-BF4B-00C04F79EFBC}") = "App", "App\App.csproj", "{36916202-8106-440B-B834-EC3499B5AD67}"
EndProject
Project("{FAE04EC0-301F-11D3-BF4B-00C04F79EFBC}") = "ETL", "ETL\ETL.csproj", "{2CB8DC85-560C-4249-8018-07B85F522608}"
EndProject
Project("{FAE04EC0-301F-11D3-BF4B-00C04F79EFBC}") = "DataSourceCheckerPlugin", "DataSourceCheckerPlugin\DataSourceCheckerPlugin.csproj", "{D5A55B0A-3CD8-4913-949E-74479484E72C}"
EndProject
Project("{FAE04EC0-301F-11D3-BF4B-00C04F79EFBC}") = "IDatasourceMonitor", "IDatasourceMonitor\IDatasourceMonitor.csproj", "{F5BC75C0-57B1-4023-B20E-F237307BC7D7}"
EndProject
Global
	GlobalSection(SolutionConfigurationPlatforms) = preSolution
		Debug|Any CPU = Debug|Any CPU
		Debug|x86 = Debug|x86
		Release|Any CPU = Release|Any CPU
		Release|x86 = Release|x86
	EndGlobalSection
	GlobalSection(ProjectConfigurationPlatforms) = postSolution
		{7D0A9D8A-C5EC-4143-9C9F-BE2E45C1FDB2}.Debug|Any CPU.ActiveCfg = Debug|Any CPU
		{7D0A9D8A-C5EC-4143-9C9F-BE2E45C1FDB2}.Debug|Any CPU.Build.0 = Debug|Any CPU
		{7D0A9D8A-C5EC-4143-9C9F-BE2E45C1FDB2}.Debug|x86.ActiveCfg = Debug|Any CPU
		{7D0A9D8A-C5EC-4143-9C9F-BE2E45C1FDB2}.Debug|x86.Build.0 = Debug|Any CPU
		{7D0A9D8A-C5EC-4143-9C9F-BE2E45C1FDB2}.Release|Any CPU.ActiveCfg = Release|Any CPU
		{7D0A9D8A-C5EC-4143-9C9F-BE2E45C1FDB2}.Release|Any CPU.Build.0 = Release|Any CPU
		{7D0A9D8A-C5EC-4143-9C9F-BE2E45C1FDB2}.Release|x86.ActiveCfg = Release|Any CPU
		{1E284A29-D11F-4B79-B792-EF260B575A88}.Debug|Any CPU.ActiveCfg = Debug|Any CPU
		{1E284A29-D11F-4B79-B792-EF260B575A88}.Debug|Any CPU.Build.0 = Debug|Any CPU
		{1E284A29-D11F-4B79-B792-EF260B575A88}.Debug|x86.ActiveCfg = Debug|Any CPU
		{1E284A29-D11F-4B79-B792-EF260B575A88}.Debug|x86.Build.0 = Debug|Any CPU
		{1E284A29-D11F-4B79-B792-EF260B575A88}.Release|Any CPU.ActiveCfg = Release|Any CPU
		{1E284A29-D11F-4B79-B792-EF260B575A88}.Release|Any CPU.Build.0 = Release|Any CPU
		{1E284A29-D11F-4B79-B792-EF260B575A88}.Release|x86.ActiveCfg = Release|Any CPU
		{36916202-8106-440B-B834-EC3499B5AD67}.Debug|Any CPU.ActiveCfg = Debug|Any CPU
		{36916202-8106-440B-B834-EC3499B5AD67}.Debug|Any CPU.Build.0 = Debug|Any CPU
		{36916202-8106-440B-B834-EC3499B5AD67}.Debug|x86.ActiveCfg = Debug|Any CPU
		{36916202-8106-440B-B834-EC3499B5AD67}.Debug|x86.Build.0 = Debug|Any CPU
		{36916202-8106-440B-B834-EC3499B5AD67}.Release|Any CPU.ActiveCfg = Release|Any CPU
		{36916202-8106-440B-B834-EC3499B5AD67}.Release|Any CPU.Build.0 = Release|Any CPU
		{36916202-8106-440B-B834-EC3499B5AD67}.Release|x86.ActiveCfg = Release|Any CPU
		{2CB8DC85-560C-4249-8018-07B85F522608}.Debug|Any CPU.ActiveCfg = Debug|Any CPU
		{2CB8DC85-560C-4249-8018-07B85F522608}.Debug|Any CPU.Build.0 = Debug|Any CPU
		{2CB8DC85-560C-4249-8018-07B85F522608}.Debug|x86.ActiveCfg = Debug|Any CPU
		{2CB8DC85-560C-4249-8018-07B85F522608}.Debug|x86.Build.0 = Debug|Any CPU
		{2CB8DC85-560C-4249-8018-07B85F522608}.Release|Any CPU.ActiveCfg = Release|Any CPU
		{2CB8DC85-560C-4249-8018-07B85F522608}.Release|Any CPU.Build.0 = Release|Any CPU
		{2CB8DC85-560C-4249-8018-07B85F522608}.Release|x86.ActiveCfg = Release|x86
		{2CB8DC85-560C-4249-8018-07B85F522608}.Release|x86.Build.0 = Release|x86
		{D5A55B0A-3CD8-4913-949E-74479484E72C}.Debug|Any CPU.ActiveCfg = Debug|Any CPU
		{D5A55B0A-3CD8-4913-949E-74479484E72C}.Debug|Any CPU.Build.0 = Debug|Any CPU
		{D5A55B0A-3CD8-4913-949E-74479484E72C}.Debug|x86.ActiveCfg = Debug|Any CPU
		{D5A55B0A-3CD8-4913-949E-74479484E72C}.Debug|x86.Build.0 = Debug|Any CPU
		{D5A55B0A-3CD8-4913-949E-74479484E72C}.Release|Any CPU.ActiveCfg = Release|Any CPU
		{D5A55B0A-3CD8-4913-949E-74479484E72C}.Release|Any CPU.Build.0 = Release|Any CPU
		{D5A55B0A-3CD8-4913-949E-74479484E72C}.Release|x86.ActiveCfg = Release|Any CPU
		{F5BC75C0-57B1-4023-B20E-F237307BC7D7}.Debug|Any CPU.ActiveCfg = Debug|Any CPU
		{F5BC75C0-57B1-4023-B20E-F237307BC7D7}.Debug|Any CPU.Build.0 = Debug|Any CPU
		{F5BC75C0-57B1-4023-B20E-F237307BC7D7}.Debug|x86.ActiveCfg = Debug|Any CPU
		{F5BC75C0-57B1-4023-B20E-F237307BC7D7}.Debug|x86.Build.0 = Debug|Any CPU
		{F5BC75C0-57B1-4023-B20E-F237307BC7D7}.Release|Any CPU.ActiveCfg = Release|Any CPU
		{F5BC75C0-57B1-4023-B20E-F237307BC7D7}.Release|Any CPU.Build.0 = Release|Any CPU
		{F5BC75C0-57B1-4023-B20E-F237307BC7D7}.Release|x86.ActiveCfg = Release|Any CPU
	EndGlobalSection
	GlobalSection(SolutionProperties) = preSolution
		HideSolutionNode = FALSE
	EndGlobalSection
EndGlobal
